# This file is automatically @generated by Cargo.
# It is not intended for manual editing.
version = 3

[[package]]
name = "arrayref"
version = "0.3.6"
source = "registry+https://github.com/rust-lang/crates.io-index"
checksum = "a4c527152e37cf757a3f78aae5a06fbeefdb07ccc535c980a3208ee3060dd544"

[[package]]
name = "arrayvec"
version = "0.5.2"
source = "registry+https://github.com/rust-lang/crates.io-index"
checksum = "23b62fc65de8e4e7f52534fb52b0f3ed04746ae267519eef2a83941e8085068b"

[[package]]
name = "autocfg"
version = "1.1.0"
source = "registry+https://github.com/rust-lang/crates.io-index"
checksum = "d468802bab17cbc0cc575e9b053f41e72aa36bfa6b7f55e3529ffa43161b97fa"

[[package]]
name = "backtrace"
version = "0.1.8"
source = "registry+https://github.com/rust-lang/crates.io-index"
checksum = "150ae7828afa7afb6d474f909d64072d21de1f3365b6e8ad8029bf7b1c6350a0"
dependencies = [
 "backtrace-sys",
 "cfg-if 0.1.10",
 "dbghelp-sys",
 "debug-builders",
 "kernel32-sys",
 "libc",
 "winapi 0.2.8",
]

[[package]]
name = "backtrace"
version = "0.3.11"
source = "registry+https://github.com/rust-lang/crates.io-index"
checksum = "18b65ea1161bfb2dd6da6fade5edd4dbd08fba85012123dd333d2fd1b90b2782"
dependencies = [
 "backtrace-sys",
 "cfg-if 0.1.10",
 "libc",
 "rustc-demangle",
 "winapi 0.3.9",
]

[[package]]
name = "backtrace-sys"
version = "0.1.37"
source = "registry+https://github.com/rust-lang/crates.io-index"
checksum = "18fbebbe1c9d1f383a9cc7e8ccdb471b91c8d024ee9c2ca5b5346121fe8b4399"
dependencies = [
 "cc",
 "libc",
]

[[package]]
name = "base64"
version = "0.13.1"
source = "registry+https://github.com/rust-lang/crates.io-index"
checksum = "9e1b586273c5702936fe7b7d6896644d8be71e6314cfe09d3167c95f712589e8"

[[package]]
name = "bitflags"
version = "0.7.0"
source = "registry+https://github.com/rust-lang/crates.io-index"
checksum = "aad18937a628ec6abcd26d1489012cc0e18c21798210f491af69ded9b881106d"

[[package]]
name = "bitflags"
version = "1.3.2"
source = "registry+https://github.com/rust-lang/crates.io-index"
checksum = "bef38d45163c2f1dde094a7dfd33ccf595c92905c8f8f4fdc18d06fb1037718a"

[[package]]
name = "blake2b_simd"
version = "0.5.11"
source = "registry+https://github.com/rust-lang/crates.io-index"
checksum = "afa748e348ad3be8263be728124b24a24f268266f6f5d58af9d75f6a40b5c587"
dependencies = [
 "arrayref",
 "arrayvec",
 "constant_time_eq",
]

[[package]]
name = "byteorder"
version = "1.4.3"
source = "registry+https://github.com/rust-lang/crates.io-index"
checksum = "14c189c53d098945499cdfa7ecc63567cf3886b3332b312a5b4585d8d3a6a610"

[[package]]
name = "cc"
version = "1.0.77"
source = "registry+https://github.com/rust-lang/crates.io-index"
checksum = "e9f73505338f7d905b19d18738976aae232eb46b8efc15554ffc56deb5d9ebe4"

[[package]]
name = "cfg-if"
version = "0.1.10"
source = "registry+https://github.com/rust-lang/crates.io-index"
checksum = "4785bdd1c96b2a846b2bd7cc02e86b6b3dbf14e7e53446c4f54c92a361040822"

[[package]]
name = "cfg-if"
version = "1.0.0"
source = "registry+https://github.com/rust-lang/crates.io-index"
checksum = "baf1de4339761588bc0619e3cbc0120ee582ebb74b53b4efbf79117bd2da40fd"

[[package]]
name = "chomp"
version = "0.3.1"
source = "registry+https://github.com/rust-lang/crates.io-index"
checksum = "9f74ad218e66339b11fd23f693fb8f1d621e80ba6ac218297be26073365d163d"
dependencies = [
 "bitflags 0.7.0",
 "conv",
 "debugtrace",
 "either",
]

[[package]]
name = "chrono"
version = "0.4.11"
source = "registry+https://github.com/rust-lang/crates.io-index"
checksum = "80094f509cf8b5ae86a4966a39b3ff66cd7e2a3e594accec3743ff3fabeab5b2"
dependencies = [
 "num-integer",
 "num-traits",
 "time",
]

[[package]]
name = "clipboard-win"
version = "4.4.2"
source = "registry+https://github.com/rust-lang/crates.io-index"
checksum = "c4ab1b92798304eedc095b53942963240037c0516452cb11aeba709d420b2219"
dependencies = [
 "error-code",
 "str-buf",
 "winapi 0.3.9",
]

[[package]]
name = "clipsel-rs"
version = "0.1.0"
dependencies = [
 "clipboard-win",
 "farmanager",
 "farmanager_build",
 "farmanager_codegen",
 "guid",
 "kernel32-sys",
 "libc",
 "log",
 "simplelog",
 "widestring",
 "winapi 0.3.9",
]

[[package]]
name = "cloudabi"
version = "0.0.3"
source = "registry+https://github.com/rust-lang/crates.io-index"
checksum = "ddfc5b9aa5d4507acaf872de71051dfd0e309860e88966e1051e462a077aac4f"
dependencies = [
 "bitflags 1.3.2",
]

[[package]]
name = "constant_time_eq"
version = "0.1.5"
source = "registry+https://github.com/rust-lang/crates.io-index"
checksum = "245097e9a4535ee1e3e3931fcfcd55a796a44c643e8596ff6566d68f09b87bbc"

[[package]]
name = "conv"
version = "0.3.3"
source = "registry+https://github.com/rust-lang/crates.io-index"
checksum = "78ff10625fd0ac447827aa30ea8b861fead473bb60aeb73af6c1c58caf0d1299"
dependencies = [
 "custom_derive",
]

[[package]]
name = "crossbeam-utils"
version = "0.8.14"
source = "registry+https://github.com/rust-lang/crates.io-index"
checksum = "4fb766fa798726286dbbb842f174001dab8abc7b627a1dd86e0b7222a95d929f"
dependencies = [
 "cfg-if 1.0.0",
]

[[package]]
name = "custom_derive"
version = "0.1.7"
source = "registry+https://github.com/rust-lang/crates.io-index"
checksum = "ef8ae57c4978a2acd8b869ce6b9ca1dfe817bff704c220209fdef2c0b75a01b9"

[[package]]
name = "dbghelp-sys"
version = "0.2.0"
source = "registry+https://github.com/rust-lang/crates.io-index"
checksum = "97590ba53bcb8ac28279161ca943a924d1fd4a8fb3fa63302591647c4fc5b850"
dependencies = [
 "winapi 0.2.8",
 "winapi-build",
]

[[package]]
name = "debug-builders"
version = "0.1.0"
source = "registry+https://github.com/rust-lang/crates.io-index"
checksum = "0f5d8e3d14cabcb2a8a59d7147289173c6ada77a0bc526f6b85078f941c0cf12"

[[package]]
name = "debugtrace"
version = "0.1.0"
source = "registry+https://github.com/rust-lang/crates.io-index"
checksum = "62e432bd83c5d70317f6ebd8a50ed4afb32907c64d6e2e1e65e339b06dc553f3"
dependencies = [
 "backtrace 0.1.8",
]

[[package]]
name = "dirs"
version = "1.0.5"
source = "registry+https://github.com/rust-lang/crates.io-index"
checksum = "3fd78930633bd1c6e35c4b42b1df7b0cbc6bc191146e512bb3bedf243fcc3901"
dependencies = [
 "libc",
 "redox_users",
 "winapi 0.3.9",
]

[[package]]
name = "either"
version = "0.1.7"
source = "registry+https://github.com/rust-lang/crates.io-index"
checksum = "a39bffec1e2015c5d8a6773cb0cf48d0d758c842398f624c34969071f5499ea7"

[[package]]
name = "error-code"
version = "2.3.1"
source = "registry+https://github.com/rust-lang/crates.io-index"
checksum = "64f18991e7bf11e7ffee451b5318b5c1a73c52d0d0ada6e5a3017c8c1ced6a21"
dependencies = [
 "libc",
 "str-buf",
]

[[package]]
name = "failure"
version = "0.1.8"
source = "registry+https://github.com/rust-lang/crates.io-index"
checksum = "d32e9bd16cc02eae7db7ef620b392808b89f6a5e16bb3497d159c6b92a0f4f86"
dependencies = [
 "backtrace 0.3.11",
 "failure_derive",
]

[[package]]
name = "failure_derive"
version = "0.1.8"
source = "registry+https://github.com/rust-lang/crates.io-index"
checksum = "aa4da3c766cd7a0db8242e326e9e4e081edd567072893ed320008189715366a4"
dependencies = [
 "proc-macro2 1.0.47",
 "quote 1.0.21",
 "syn 1.0.103",
 "synstructure",
]

[[package]]
name = "farmanager"
version = "0.0.0"
source = "git+https://github.com/62mkv/farmanager-api-rust-bindings?branch=clipboard#bea62be6eb09e85eee89bf25f2d388dbf473f4d4"
dependencies = [
 "bitflags 1.3.2",
 "failure",
 "libc",
 "log",
 "widestring",
 "winapi 0.3.9",
]

[[package]]
name = "farmanager_build"
version = "0.1.0"
source = "git+https://github.com/dpelevin/farmanager-api-rust-bindings#17d7e0c5ff8daf753ecac91af75da1231ee4a83c"
dependencies = [
 "syn 0.14.9",
]

[[package]]
name = "farmanager_codegen"
version = "0.1.0"
source = "git+https://github.com/dpelevin/farmanager-api-rust-bindings#17d7e0c5ff8daf753ecac91af75da1231ee4a83c"
dependencies = [
 "quote 0.6.13",
 "syn 0.15.44",
]

[[package]]
name = "fuchsia-cprng"
version = "0.1.1"
source = "registry+https://github.com/rust-lang/crates.io-index"
checksum = "a06f77d526c1a601b7c4cdd98f54b5eaabffc14d5f2f0296febdc7f357c6d3ba"

[[package]]
name = "getrandom"
version = "0.1.1"
source = "registry+https://github.com/rust-lang/crates.io-index"
checksum = "e738b1f02e4d17217cae7648e774c03a19cd9de18bc294c538cc3e780f8c3bbd"
dependencies = [
 "cloudabi",
 "fuchsia-cprng",
 "libc",
 "winapi 0.3.9",
]

[[package]]
name = "guid"
version = "0.1.0"
source = "registry+https://github.com/rust-lang/crates.io-index"
checksum = "e691c64d9b226c7597e29aeb46be753beb8c9eeef96d8c78dfd4d306338a38da"
dependencies = [
 "chomp",
 "failure",
 "failure_derive",
 "guid-macro-impl",
 "guid-parser",
 "proc-macro-hack",
 "winapi 0.2.8",
]

[[package]]
name = "guid-macro-impl"
version = "0.1.0"
source = "registry+https://github.com/rust-lang/crates.io-index"
checksum = "08d50f7c496073b5a5dec0f6f1c149113a50960ce25dd2a559987a5a71190816"
dependencies = [
 "chomp",
 "guid-parser",
 "proc-macro-hack",
 "quote 0.4.2",
 "syn 0.12.15",
]

[[package]]
name = "guid-parser"
version = "0.1.0"
source = "registry+https://github.com/rust-lang/crates.io-index"
checksum = "abc7adb441828023999e6cff9eb1ea63156f7ec37ab5bf690005e8fc6c1148ad"
dependencies = [
 "chomp",
 "winapi 0.2.8",
]

[[package]]
name = "kernel32-sys"
version = "0.2.2"
source = "registry+https://github.com/rust-lang/crates.io-index"
checksum = "7507624b29483431c0ba2d82aece8ca6cdba9382bff4ddd0f7490560c056098d"
dependencies = [
 "winapi 0.2.8",
 "winapi-build",
]

[[package]]
name = "libc"
version = "0.2.137"
source = "registry+https://github.com/rust-lang/crates.io-index"
checksum = "fc7fcc620a3bff7cdd7a365be3376c97191aeaccc2a603e600951e452615bf89"

[[package]]
name = "log"
version = "0.4.17"
source = "registry+https://github.com/rust-lang/crates.io-index"
checksum = "abb12e687cfb44aa40f41fc3978ef76448f9b6038cad6aef4259d3c095a2382e"
dependencies = [
 "cfg-if 1.0.0",
]

[[package]]
name = "num-integer"
version = "0.1.45"
source = "registry+https://github.com/rust-lang/crates.io-index"
checksum = "225d3389fb3509a24c93f5c29eb6bde2586b98d9f016636dff58d7c6f7569cd9"
dependencies = [
 "autocfg",
 "num-traits",
]

[[package]]
name = "num-traits"
version = "0.2.15"
source = "registry+https://github.com/rust-lang/crates.io-index"
checksum = "578ede34cf02f8924ab9447f50c28075b4d3e5b269972345e7e0372b38c6cdcd"
dependencies = [
 "autocfg",
]

[[package]]
name = "proc-macro-hack"
version = "0.4.3"
source = "registry+https://github.com/rust-lang/crates.io-index"
checksum = "d7f95648580798cc44ff8efb9bb0d7ee5205ea32e087b31b0732f3e8c2648ee2"
dependencies = [
 "proc-macro-hack-impl",
]

[[package]]
name = "proc-macro-hack-impl"
version = "0.4.3"
source = "registry+https://github.com/rust-lang/crates.io-index"
checksum = "7be55bf0ae1635f4d7c7ddd6efc05c631e98a82104a73d35550bbc52db960027"

[[package]]
name = "proc-macro2"
version = "0.2.3"
source = "registry+https://github.com/rust-lang/crates.io-index"
checksum = "cd07deb3c6d1d9ff827999c7f9b04cdfd66b1b17ae508e14fe47b620f2282ae0"
dependencies = [
 "unicode-xid 0.1.0",
]

[[package]]
name = "proc-macro2"
version = "0.4.30"
source = "registry+https://github.com/rust-lang/crates.io-index"
checksum = "cf3d2011ab5c909338f7887f4fc896d35932e29146c12c8d01da6b22a80ba759"
dependencies = [
 "unicode-xid 0.1.0",
]

[[package]]
name = "proc-macro2"
version = "1.0.47"
source = "registry+https://github.com/rust-lang/crates.io-index"
checksum = "5ea3d908b0e36316caf9e9e2c4625cdde190a7e6f440d794667ed17a1855e725"
dependencies = [
 "unicode-ident",
]

[[package]]
name = "quote"
version = "0.4.2"
source = "registry+https://github.com/rust-lang/crates.io-index"
checksum = "1eca14c727ad12702eb4b6bfb5a232287dcf8385cb8ca83a3eeaf6519c44c408"
dependencies = [
 "proc-macro2 0.2.3",
]

[[package]]
name = "quote"
version = "0.6.13"
source = "registry+https://github.com/rust-lang/crates.io-index"
checksum = "6ce23b6b870e8f94f81fb0a363d65d86675884b34a09043c81e5562f11c1f8e1"
dependencies = [
 "proc-macro2 0.4.30",
]

[[package]]
name = "quote"
version = "1.0.21"
source = "registry+https://github.com/rust-lang/crates.io-index"
checksum = "bbe448f377a7d6961e30f5955f9b8d106c3f5e449d493ee1b125c1d43c2b5179"
dependencies = [
 "proc-macro2 1.0.47",
]

[[package]]
name = "redox_syscall"
version = "0.1.57"
source = "registry+https://github.com/rust-lang/crates.io-index"
checksum = "41cc0f7e4d5d4544e8861606a285bb08d3e70712ccc7d2b84d7c0ccfaf4b05ce"

[[package]]
name = "redox_users"
version = "0.3.5"
source = "registry+https://github.com/rust-lang/crates.io-index"
checksum = "de0737333e7a9502c789a36d7c7fa6092a49895d4faa31ca5df163857ded2e9d"
dependencies = [
 "getrandom",
 "redox_syscall",
 "rust-argon2",
]

[[package]]
name = "rust-argon2"
version = "0.8.3"
source = "registry+https://github.com/rust-lang/crates.io-index"
checksum = "4b18820d944b33caa75a71378964ac46f58517c92b6ae5f762636247c09e78fb"
dependencies = [
 "base64",
 "blake2b_simd",
 "constant_time_eq",
 "crossbeam-utils",
]

[[package]]
name = "rustc-demangle"
version = "0.1.21"
source = "registry+https://github.com/rust-lang/crates.io-index"
checksum = "7ef03e0a2b150c7a90d01faf6254c9c48a41e95fb2a8c2ac1c6f0d2b9aefc342"

[[package]]
name = "simplelog"
version = "0.5.3"
source = "registry+https://github.com/rust-lang/crates.io-index"
checksum = "2e95345f185d5adeb8ec93459d2dc99654e294cc6ccf5b75414d8ea262de9a13"
dependencies = [
 "chrono",
 "log",
 "term",
]

[[package]]
name = "str-buf"
version = "1.0.6"
source = "registry+https://github.com/rust-lang/crates.io-index"
checksum = "9e08d8363704e6c71fc928674353e6b7c23dcea9d82d7012c8faf2a3a025f8d0"

[[package]]
name = "syn"
version = "0.12.15"
source = "registry+https://github.com/rust-lang/crates.io-index"
checksum = "c97c05b8ebc34ddd6b967994d5c6e9852fa92f8b82b3858c39451f97346dcce5"
dependencies = [
 "proc-macro2 0.2.3",
 "quote 0.4.2",
 "unicode-xid 0.1.0",
]

[[package]]
name = "syn"
version = "0.14.9"
source = "registry+https://github.com/rust-lang/crates.io-index"
checksum = "261ae9ecaa397c42b960649561949d69311f08eeaea86a65696e6e46517cf741"
dependencies = [
 "proc-macro2 0.4.30",
 "quote 0.6.13",
 "unicode-xid 0.1.0",
]

[[package]]
name = "syn"
version = "0.15.44"
source = "registry+https://github.com/rust-lang/crates.io-index"
checksum = "9ca4b3b69a77cbe1ffc9e198781b7acb0c7365a883670e8f1c1bc66fba79a5c5"
dependencies = [
 "proc-macro2 0.4.30",
 "quote 0.6.13",
 "unicode-xid 0.1.0",
]

[[package]]
name = "syn"
version = "1.0.103"
source = "registry+https://github.com/rust-lang/crates.io-index"
checksum = "a864042229133ada95abf3b54fdc62ef5ccabe9515b64717bcb9a1919e59445d"
dependencies = [
 "proc-macro2 1.0.47",
 "quote 1.0.21",
 "unicode-ident",
]

[[package]]
name = "synstructure"
version = "0.12.6"
source = "registry+https://github.com/rust-lang/crates.io-index"
checksum = "f36bdaa60a83aca3921b5259d5400cbf5e90fc51931376a9bd4a0eb79aa7210f"
dependencies = [
 "proc-macro2 1.0.47",
 "quote 1.0.21",
 "syn 1.0.103",
 "unicode-xid 0.2.4",
]

[[package]]
name = "term"
version = "0.5.2"
source = "registry+https://github.com/rust-lang/crates.io-index"
checksum = "edd106a334b7657c10b7c540a0106114feadeb4dc314513e97df481d5d966f42"
dependencies = [
 "byteorder",
 "dirs",
 "winapi 0.3.9",
]

[[package]]
name = "time"
version = "0.1.42"
source = "registry+https://github.com/rust-lang/crates.io-index"
checksum = "db8dcfca086c1143c9270ac42a2bbd8a7ee477b78ac8e45b19abfb0cbede4b6f"
dependencies = [
 "libc",
 "redox_syscall",
 "winapi 0.3.9",
]

[[package]]
name = "unicode-ident"
version = "1.0.5"
source = "registry+https://github.com/rust-lang/crates.io-index"
checksum = "6ceab39d59e4c9499d4e5a8ee0e2735b891bb7308ac83dfb4e80cad195c9f6f3"

[[package]]
name = "unicode-xid"
version = "0.1.0"
source = "registry+https://github.com/rust-lang/crates.io-index"
checksum = "fc72304796d0818e357ead4e000d19c9c174ab23dc11093ac919054d20a6a7fc"

[[package]]
name = "unicode-xid"
version = "0.2.4"
source = "registry+https://github.com/rust-lang/crates.io-index"
checksum = "f962df74c8c05a667b5ee8bcf162993134c104e96440b663c8daa176dc772d8c"

[[package]]
name = "widestring"
version = "0.2.2"
source = "registry+https://github.com/rust-lang/crates.io-index"
checksum = "7157704c2e12e3d2189c507b7482c52820a16dfa4465ba91add92f266667cadb"

[[package]]
name = "winapi"
version = "0.2.8"
source = "registry+https://github.com/rust-lang/crates.io-index"
checksum = "167dc9d6949a9b857f3451275e911c3f44255842c1f7a76f33c55103a909087a"

[[package]]
name = "winapi"
version = "0.3.9"
source = "registry+https://github.com/rust-lang/crates.io-index"
checksum = "5c839a674fcd7a98952e593242ea400abe93992746761e38641405d28b00f419"
dependencies = [
 "winapi-i686-pc-windows-gnu",
 "winapi-x86_64-pc-windows-gnu",
]

[[package]]
name = "winapi-build"
version = "0.1.1"
source = "registry+https://github.com/rust-lang/crates.io-index"
checksum = "2d315eee3b34aca4797b2da6b13ed88266e6d612562a0c46390af8299fc699bc"

[[package]]
name = "winapi-i686-pc-windows-gnu"
version = "0.4.0"
source = "registry+https://github.com/rust-lang/crates.io-index"
checksum = "ac3b87c63620426dd9b991e5ce0329eff545bccbbb34f3be09ff6fb6ab51b7b6"

[[package]]
name = "winapi-x86_64-pc-windows-gnu"
version = "0.4.0"
source = "registry+https://github.com/rust-lang/crates.io-index"
checksum = "712e227841d057c1ee1cd2fb22fa7e5a5461ae8e48fa2ca79ec42cfc1931183f"
